// !$*UTF8*$!
{
	archiveVersion = 1;
	classes = {
	};
	objectVersion = 46;
	objects = {

/* Begin PBXBuildFile section */
		7ED281601E47AFE500B4B4D8 /* AppDelegate.swift in Sources */ = {isa = PBXBuildFile; fileRef = 7ED2815F1E47AFE500B4B4D8 /* AppDelegate.swift */; };
		7ED281621E47AFE500B4B4D8 /* ViewController.swift in Sources */ = {isa = PBXBuildFile; fileRef = 7ED281611E47AFE500B4B4D8 /* ViewController.swift */; };
		7ED281651E47AFE500B4B4D8 /* Main.storyboard in Resources */ = {isa = PBXBuildFile; fileRef = 7ED281631E47AFE500B4B4D8 /* Main.storyboard */; };
		7ED281671E47AFE500B4B4D8 /* Assets.xcassets in Resources */ = {isa = PBXBuildFile; fileRef = 7ED281661E47AFE500B4B4D8 /* Assets.xcassets */; };
		7ED2816A1E47AFE500B4B4D8 /* LaunchScreen.storyboard in Resources */ = {isa = PBXBuildFile; fileRef = 7ED281681E47AFE500B4B4D8 /* LaunchScreen.storyboard */; };
		7ED281751E47AFE600B4B4D8 /* _125_Million_AppTests.swift in Sources */ = {isa = PBXBuildFile; fileRef = 7ED281741E47AFE600B4B4D8 /* _125_Million_AppTests.swift */; };
/* End PBXBuildFile section */

/* Begin PBXContainerItemProxy section */
		7ED281711E47AFE600B4B4D8 /* PBXContainerItemProxy */ = {
			isa = PBXContainerItemProxy;
			containerPortal = 7ED281541E47AFE400B4B4D8 /* Project object */;
			proxyType = 1;
			remoteGlobalIDString = 7ED2815B1E47AFE400B4B4D8;
			remoteInfo = "$125 Million App";
		};
/* End PBXContainerItemProxy section */

/* Begin PBXFileReference section */
		7ED2815C1E47AFE400B4B4D8 /* $125 Million App.app */ = {isa = PBXFileReference; explicitFileType = wrapper.application; includeInIndex = 0; path = "$125 Million App.app"; sourceTree = BUILT_PRODUCTS_DIR; };
		7ED2815F1E47AFE500B4B4D8 /* AppDelegate.swift */ = {isa = PBXFileReference; lastKnownFileType = sourcecode.swift; path = AppDelegate.swift; sourceTree = "<group>"; };
		7ED281611E47AFE500B4B4D8 /* ViewController.swift */ = {isa = PBXFileReference; lastKnownFileType = sourcecode.swift; path = ViewController.swift; sourceTree = "<group>"; };
		7ED281641E47AFE500B4B4D8 /* Base */ = {isa = PBXFileReference; lastKnownFileType = file.storyboard; name = Base; path = Base.lproj/Main.storyboard; sourceTree = "<group>"; };
		7ED281661E47AFE500B4B4D8 /* Assets.xcassets */ = {isa = PBXFileReference; lastKnownFileType = folder.assetcatalog; path = Assets.xcassets; sourceTree = "<group>"; };
		7ED281691E47AFE500B4B4D8 /* Base */ = {isa = PBXFileReference; lastKnownFileType = file.storyboard; name = Base; path = Base.lproj/LaunchScreen.storyboard; sourceTree = "<group>"; };
		7ED2816B1E47AFE500B4B4D8 /* Info.plist */ = {isa = PBXFileReference; lastKnownFileType = text.plist.xml; path = Info.plist; sourceTree = "<group>"; };
		7ED281701E47AFE600B4B4D8 /* $125 Million AppTests.xctest */ = {isa = PBXFileReference; explicitFileType = wrapper.cfbundle; includeInIndex = 0; path = "$125 Million AppTests.xctest"; sourceTree = BUILT_PRODUCTS_DIR; };
		7ED281741E47AFE600B4B4D8 /* _125_Million_AppTests.swift */ = {isa = PBXFileReference; lastKnownFileType = sourcecode.swift; path = _125_Million_AppTests.swift; sourceTree = "<group>"; };
		7ED281761E47AFE600B4B4D8 /* Info.plist */ = {isa = PBXFileReference; lastKnownFileType = text.plist.xml; path = Info.plist; sourceTree = "<group>"; };
/* End PBXFileReference section */

/* Begin PBXFrameworksBuildPhase section */
		7ED281591E47AFE400B4B4D8 /* Frameworks */ = {
			isa = PBXFrameworksBuildPhase;
			buildActionMask = 2147483647;
			files = (
			);
			runOnlyForDeploymentPostprocessing = 0;
		};
		7ED2816D1E47AFE600B4B4D8 /* Frameworks */ = {
			isa = PBXFrameworksBuildPhase;
			buildActionMask = 2147483647;
			files = (
			);
			runOnlyForDeploymentPostprocessing = 0;
		};
/* End PBXFrameworksBuildPhase section */

/* Begin PBXGroup section */
		7ED281531E47AFE400B4B4D8 = {
			isa = PBXGroup;
			children = (
				7ED2815E1E47AFE400B4B4D8 /* $125 Million App */,
				7ED281731E47AFE600B4B4D8 /* $125 Million AppTests */,
				7ED2815D1E47AFE400B4B4D8 /* Products */,
			);
			sourceTree = "<group>";
		};
		7ED2815D1E47AFE400B4B4D8 /* Products */ = {
			isa = PBXGroup;
			children = (
				7ED2815C1E47AFE400B4B4D8 /* $125 Million App.app */,
				7ED281701E47AFE600B4B4D8 /* $125 Million AppTests.xctest */,
			);
			name = Products;
			sourceTree = "<group>";
		};
		7ED2815E1E47AFE400B4B4D8 /* $125 Million App */ = {
			isa = PBXGroup;
			children = (
				7ED2815F1E47AFE500B4B4D8 /* AppDelegate.swift */,
				7ED281611E47AFE500B4B4D8 /* ViewController.swift */,
				7ED281631E47AFE500B4B4D8 /* Main.storyboard */,
				7ED281661E47AFE500B4B4D8 /* Assets.xcassets */,
				7ED281681E47AFE500B4B4D8 /* LaunchScreen.storyboard */,
				7ED2816B1E47AFE500B4B4D8 /* Info.plist */,
			);
			path = "$125 Million App";
			sourceTree = "<group>";
		};
		7ED281731E47AFE600B4B4D8 /* $125 Million AppTests */ = {
			isa = PBXGroup;
			children = (
				7ED281741E47AFE600B4B4D8 /* _125_Million_AppTests.swift */,
				7ED281761E47AFE600B4B4D8 /* Info.plist */,
			);
			path = "$125 Million AppTests";
			sourceTree = "<group>";
		};
/* End PBXGroup section */

/* Begin PBXNativeTarget section */
		7ED2815B1E47AFE400B4B4D8 /* $125 Million App */ = {
			isa = PBXNativeTarget;
			buildConfigurationList = 7ED281791E47AFE600B4B4D8 /* Build configuration list for PBXNativeTarget "$125 Million App" */;
			buildPhases = (
				7ED281581E47AFE400B4B4D8 /* Sources */,
				7ED281591E47AFE400B4B4D8 /* Frameworks */,
				7ED2815A1E47AFE400B4B4D8 /* Resources */,
			);
			buildRules = (
			);
			dependencies = (
			);
			name = "$125 Million App";
			productName = "$125 Million App";
			productReference = 7ED2815C1E47AFE400B4B4D8 /* $125 Million App.app */;
			productType = "com.apple.product-type.application";
		};
		7ED2816F1E47AFE600B4B4D8 /* $125 Million AppTests */ = {
			isa = PBXNativeTarget;
			buildConfigurationList = 7ED2817C1E47AFE600B4B4D8 /* Build configuration list for PBXNativeTarget "$125 Million AppTests" */;
			buildPhases = (
				7ED2816C1E47AFE600B4B4D8 /* Sources */,
				7ED2816D1E47AFE600B4B4D8 /* Frameworks */,
				7ED2816E1E47AFE600B4B4D8 /* Resources */,
			);
			buildRules = (
			);
			dependencies = (
				7ED281721E47AFE600B4B4D8 /* PBXTargetDependency */,
			);
			name = "$125 Million AppTests";
			productName = "$125 Million AppTests";
			productReference = 7ED281701E47AFE600B4B4D8 /* $125 Million AppTests.xctest */;
			productType = "com.apple.product-type.bundle.unit-test";
		};
/* End PBXNativeTarget section */

/* Begin PBXProject section */
		7ED281541E47AFE400B4B4D8 /* Project object */ = {
			isa = PBXProject;
			attributes = {
				LastSwiftUpdateCheck = 0820;
				LastUpgradeCheck = 0820;
				ORGANIZATIONNAME = CSOM;
				TargetAttributes = {
					7ED2815B1E47AFE400B4B4D8 = {
						CreatedOnToolsVersion = 8.2.1;
						DevelopmentTeam = 65AS695RSG;
						ProvisioningStyle = Automatic;
					};
					7ED2816F1E47AFE600B4B4D8 = {
						CreatedOnToolsVersion = 8.2.1;
						DevelopmentTeam = 65AS695RSG;
						ProvisioningStyle = Automatic;
						TestTargetID = 7ED2815B1E47AFE400B4B4D8;
					};
				};
			};
			buildConfigurationList = 7ED281571E47AFE400B4B4D8 /* Build configuration list for PBXProject "$125 Million App" */;
			compatibilityVersion = "Xcode 3.2";
			developmentRegion = English;
			hasScannedForEncodings = 0;
			knownRegions = (
				en,
				Base,
			);
			mainGroup = 7ED281531E47AFE400B4B4D8;
			productRefGroup = 7ED2815D1E47AFE400B4B4D8 /* Products */;
			projectDirPath = "";
			projectRoot = "";
			targets = (
				7ED2815B1E47AFE400B4B4D8 /* $125 Million App */,
				7ED2816F1E47AFE600B4B4D8 /* $125 Million AppTests */,
			);
		};
/* End PBXProject section */

/* Begin PBXResourcesBuildPhase section */
		7ED2815A1E47AFE400B4B4D8 /* Resources */ = {
			isa = PBXResourcesBuildPhase;
			buildActionMask = 2147483647;
			files = (
				7ED2816A1E47AFE500B4B4D8 /* LaunchScreen.storyboard in Resources */,
				7ED281671E47AFE500B4B4D8 /* Assets.xcassets in Resources */,
				7ED281651E47AFE500B4B4D8 /* Main.storyboard in Resources */,
			);
			runOnlyForDeploymentPostprocessing = 0;
		};
		7ED2816E1E47AFE600B4B4D8 /* Resources */ = {
			isa = PBXResourcesBuildPhase;
			buildActionMask = 2147483647;
			files = (
			);
			runOnlyForDeploymentPostprocessing = 0;
		};
/* End PBXResourcesBuildPhase section */

/* Begin PBXSourcesBuildPhase section */
		7ED281581E47AFE400B4B4D8 /* Sources */ = {
			isa = PBXSourcesBuildPhase;
			buildActionMask = 2147483647;
			files = (
				7ED281621E47AFE500B4B4D8 /* ViewController.swift in Sources */,
				7ED281601E47AFE500B4B4D8 /* AppDelegate.swift in Sources */,
			);
			runOnlyForDeploymentPostprocessing = 0;
		};
		7ED2816C1E47AFE600B4B4D8 /* Sources */ = {
			isa = PBXSourcesBuildPhase;
			buildActionMask = 2147483647;
			files = (
				7ED281751E47AFE600B4B4D8 /* _125_Million_AppTests.swift in Sources */,
			);
			runOnlyForDeploymentPostprocessing = 0;
		};
/* End PBXSourcesBuildPhase section */

/* Begin PBXTargetDependency section */
		7ED281721E47AFE600B4B4D8 /* PBXTargetDependency */ = {
			isa = PBXTargetDependency;
			target = 7ED2815B1E47AFE400B4B4D8 /* $125 Million App */;
			targetProxy = 7ED281711E47AFE600B4B4D8 /* PBXContainerItemProxy */;
		};
/* End PBXTargetDependency section */

/* Begin PBXVariantGroup section */
		7ED281631E47AFE500B4B4D8 /* Main.storyboard */ = {
			isa = PBXVariantGroup;
			children = (
				7ED281641E47AFE500B4B4D8 /* Base */,
			);
			name = Main.storyboard;
			sourceTree = "<group>";
		};
		7ED281681E47AFE500B4B4D8 /* LaunchScreen.storyboard */ = {
			isa = PBXVariantGroup;
			children = (
				7ED281691E47AFE500B4B4D8 /* Base */,
			);
			name = LaunchScreen.storyboard;
			sourceTree = "<group>";
		};
/* End PBXVariantGroup section */

/* Begin XCBuildConfiguration section */
		7ED281771E47AFE600B4B4D8 /* Debug */ = {
			isa = XCBuildConfiguration;
			buildSettings = {
				ALWAYS_SEARCH_USER_PATHS = NO;
				CLANG_ANALYZER_NONNULL = YES;
				CLANG_CXX_LANGUAGE_STANDARD = "gnu++0x";
				CLANG_CXX_LIBRARY = "libc++";
				CLANG_ENABLE_MODULES = YES;
				CLANG_ENABLE_OBJC_ARC = YES;
				CLANG_WARN_BOOL_CONVERSION = YES;
				CLANG_WARN_CONSTANT_CONVERSION = YES;
				CLANG_WARN_DIRECT_OBJC_ISA_USAGE = YES_ERROR;
				CLANG_WARN_DOCUMENTATION_COMMENTS = YES;
				CLANG_WARN_EMPTY_BODY = YES;
				CLANG_WARN_ENUM_CONVERSION = YES;
				CLANG_WARN_INFINITE_RECURSION = YES;
				CLANG_WARN_INT_CONVERSION = YES;
				CLANG_WARN_OBJC_ROOT_CLASS = YES_ERROR;
				CLANG_WARN_SUSPICIOUS_MOVE = YES;
				CLANG_WARN_UNREACHABLE_CODE = YES;
				CLANG_WARN__DUPLICATE_METHOD_MATCH = YES;
				"CODE_SIGN_IDENTITY[sdk=iphoneos*]" = "iPhone Developer";
				COPY_PHASE_STRIP = NO;
				DEBUG_INFORMATION_FORMAT = dwarf;
				ENABLE_STRICT_OBJC_MSGSEND = YES;
				ENABLE_TESTABILITY = YES;
				GCC_C_LANGUAGE_STANDARD = gnu99;
				GCC_DYNAMIC_NO_PIC = NO;
				GCC_NO_COMMON_BLOCKS = YES;
				GCC_OPTIMIZATION_LEVEL = 0;
				GCC_PREPROCESSOR_DEFINITIONS = (
					"DEBUG=1",
					"$(inherited)",
				);
				GCC_WARN_64_TO_32_BIT_CONVERSION = YES;
				GCC_WARN_ABOUT_RETURN_TYPE = YES_ERROR;
				GCC_WARN_UNDECLARED_SELECTOR = YES;
				GCC_WARN_UNINITIALIZED_AUTOS = YES_AGGRESSIVE;
				GCC_WARN_UNUSED_FUNCTION = YES;
				GCC_WARN_UNUSED_VARIABLE = YES;
				IPHONEOS_DEPLOYMENT_TARGET = 10.2;
				MTL_ENABLE_DEBUG_INFO = YES;
				ONLY_ACTIVE_ARCH = YES;
				SDKROOT = iphoneos;
				SWIFT_ACTIVE_COMPILATION_CONDITIONS = DEBUG;
				SWIFT_OPTIMIZATION_LEVEL = "-Onone";
				TARGETED_DEVICE_FAMILY = "1,2";
			};
			name = Debug;
		};
		7ED281781E47AFE600B4B4D8 /* Release */ = {
			isa = XCBuildConfiguration;
			buildSettings = {
				ALWAYS_SEARCH_USER_PATHS = NO;
				CLANG_ANALYZER_NONNULL = YES;
				CLANG_CXX_LANGUAGE_STANDARD = "gnu++0x";
				CLANG_CXX_LIBRARY = "libc++";
				CLANG_ENABLE_MODULES = YES;
				CLANG_ENABLE_OBJC_ARC = YES;
				CLANG_WARN_BOOL_CONVERSION = YES;
				CLANG_WARN_CONSTANT_CONVERSION = YES;
				CLANG_WARN_DIRECT_OBJC_ISA_USAGE = YES_ERROR;
				CLANG_WARN_DOCUMENTATION_COMMENTS = YES;
				CLANG_WARN_EMPTY_BODY = YES;
				CLANG_WARN_ENUM_CONVERSION = YES;
				CLANG_WARN_INFINITE_RECURSION = YES;
				CLANG_WARN_INT_CONVERSION = YES;
				CLANG_WARN_OBJC_ROOT_CLASS = YES_ERROR;
				CLANG_WARN_SUSPICIOUS_MOVE = YES;
				CLANG_WARN_UNREACHABLE_CODE = YES;
				CLANG_WARN__DUPLICATE_METHOD_MATCH = YES;
				"CODE_SIGN_IDENTITY[sdk=iphoneos*]" = "iPhone Developer";
				COPY_PHASE_STRIP = NO;
				DEBUG_INFORMATION_FORMAT = "dwarf-with-dsym";
				ENABLE_NS_ASSERTIONS = NO;
				ENABLE_STRICT_OBJC_MSGSEND = YES;
				GCC_C_LANGUAGE_STANDARD = gnu99;
				GCC_NO_COMMON_BLOCKS = YES;
				GCC_WARN_64_TO_32_BIT_CONVERSION = YES;
				GCC_WARN_ABOUT_RETURN_TYPE = YES_ERROR;
				GCC_WARN_UNDECLARED_SELECTOR = YES;
				GCC_WARN_UNINITIALIZED_AUTOS = YES_AGGRESSIVE;
				GCC_WARN_UNUSED_FUNCTION = YES;
				GCC_WARN_UNUSED_VARIABLE = YES;
				IPHONEOS_DEPLOYMENT_TARGET = 10.2;
				MTL_ENABLE_DEBUG_INFO = NO;
				SDKROOT = iphoneos;
				SWIFT_OPTIMIZATION_LEVEL = "-Owholemodule";
				TARGETED_DEVICE_FAMILY = "1,2";
				VALIDATE_PRODUCT = YES;
			};
			name = Release;
		};
		7ED2817A1E47AFE600B4B4D8 /* Debug */ = {
			isa = XCBuildConfiguration;
			buildSettings = {
				ASSETCATALOG_COMPILER_APPICON_NAME = AppIcon;
				DEVELOPMENT_TEAM = 65AS695RSG;
				INFOPLIST_FILE = "$125 Million App/Info.plist";
				LD_RUNPATH_SEARCH_PATHS = "$(inherited) @executable_path/Frameworks";
				PRODUCT_BUNDLE_IDENTIFIER = "CSOM.-125-Million-App";
				PRODUCT_NAME = "$(TARGET_NAME)";
				SWIFT_VERSION = 3.0;
			};
			name = Debug;
		};
		7ED2817B1E47AFE600B4B4D8 /* Release */ = {
			isa = XCBuildConfiguration;
			buildSettings = {
				ASSETCATALOG_COMPILER_APPICON_NAME = AppIcon;
				DEVELOPMENT_TEAM = 65AS695RSG;
				INFOPLIST_FILE = "$125 Million App/Info.plist";
				LD_RUNPATH_SEARCH_PATHS = "$(inherited) @executable_path/Frameworks";
				PRODUCT_BUNDLE_IDENTIFIER = "CSOM.-125-Million-App";
				PRODUCT_NAME = "$(TARGET_NAME)";
				SWIFT_VERSION = 3.0;
			};
			name = Release;
		};
		7ED2817D1E47AFE600B4B4D8 /* Debug */ = {
			isa = XCBuildConfiguration;
			buildSettings = {
				ALWAYS_EMBED_SWIFT_STANDARD_LIBRARIES = YES;
				BUNDLE_LOADER = "$(TEST_HOST)";
				DEVELOPMENT_TEAM = 65AS695RSG;
				INFOPLIST_FILE = "$125 Million AppTests/Info.plist";
				LD_RUNPATH_SEARCH_PATHS = "$(inherited) @executable_path/Frameworks @loader_path/Frameworks";
				PRODUCT_BUNDLE_IDENTIFIER = "CSOM.-125-Million-AppTests";
				PRODUCT_NAME = "$(TARGET_NAME)";
				SWIFT_VERSION = 3.0;
				TEST_HOST = "$(BUILT_PRODUCTS_DIR)/$125 Million App.app/$125 Million App";
			};
			name = Debug;
		};
		7ED2817E1E47AFE600B4B4D8 /* Release */ = {
			isa = XCBuildConfiguration;
			buildSettings = {
				ALWAYS_EMBED_SWIFT_STANDARD_LIBRARIES = YES;
				BUNDLE_LOADER = "$(TEST_HOST)";
				DEVELOPMENT_TEAM = 65AS695RSG;
				INFOPLIST_FILE = "$125 Million AppTests/Info.plist";
				LD_RUNPATH_SEARCH_PATHS = "$(inherited) @executable_path/Frameworks @loader_path/Frameworks";
				PRODUCT_BUNDLE_IDENTIFIER = "CSOM.-125-Million-AppTests";
				PRODUCT_NAME = "$(TARGET_NAME)";
				SWIFT_VERSION = 3.0;
				TEST_HOST = "$(BUILT_PRODUCTS_DIR)/$125 Million App.app/$125 Million App";
			};
			name = Release;
		};
/* End XCBuildConfiguration section */

/* Begin XCConfigurationList section */
		7ED281571E47AFE400B4B4D8 /* Build configuration list for PBXProject "$125 Million App" */ = {
			isa = XCConfigurationList;
			buildConfigurations = (
				7ED281771E47AFE600B4B4D8 /* Debug */,
				7ED281781E47AFE600B4B4D8 /* Release */,
			);
			defaultConfigurationIsVisible = 0;
			defaultConfigurationName = Release;
		};
		7ED281791E47AFE600B4B4D8 /* Build configuration list for PBXNativeTarget "$125 Million App" */ = {
			isa = XCConfigurationList;
			buildConfigurations = (
				7ED2817A1E47AFE600B4B4D8 /* Debug */,
				7ED2817B1E47AFE600B4B4D8 /* Release */,
			);
			defaultConfigurationIsVisible = 0;
		};
		7ED2817C1E47AFE600B4B4D8 /* Build configuration list for PBXNativeTarget "$125 Million AppTests" */ = {
			isa = XCConfigurationList;
			buildConfigurations = (
				7ED2817D1E47AFE600B4B4D8 /* Debug */,
				7ED2817E1E47AFE600B4B4D8 /* Release */,
			);
			defaultConfigurationIsVisible = 0;
		};
/* End XCConfigurationList section */
	};
	rootObject = 7ED281541E47AFE400B4B4D8 /* Project object */;
}
